
Microsoft Visual Studio Solution File, Format Version 12.00
# Visual Studio Version 17
VisualStudioVersion = 17.10.34916.146
MinimumVisualStudioVersion = 10.0.40219.1
Project("{8BC9CEB8-8B4A-11D0-8D11-00A0C91BC942}") = "Study-DoubleLinkList", "Study-DoubleLinkList.vcxproj", "{A63501A6-6FB0-43DC-B05B-9395AB2F81A5}"
EndProject
Global
	GlobalSection(SolutionConfigurationPlatforms) = preSolution
		Debug|x64 = Debug|x64
		Debug|x86 = Debug|x86
		Release|x64 = Release|x64
		Release|x86 = Release|x86
	EndGlobalSection
	GlobalSection(ProjectConfigurationPlatforms) = postSolution
		{A63501A6-6FB0-43DC-B05B-9395AB2F81A5}.Debug|x64.ActiveCfg = Debug|x64
		{A63501A6-6FB0-43DC-B05B-9395AB2F81A5}.Debug|x64.Build.0 = Debug|x64
		{A63501A6-6FB0-43DC-B05B-9395AB2F81A5}.Debug|x86.ActiveCfg = Debug|Win32
		{A63501A6-6FB0-43DC-B05B-9395AB2F81A5}.Debug|x86.Build.0 = Debug|Win32
		{A63501A6-6FB0-43DC-B05B-9395AB2F81A5}.Release|x64.ActiveCfg = Release|x64
		{A63501A6-6FB0-43DC-B05B-9395AB2F81A5}.Release|x64.Build.0 = Release|x64
		{A63501A6-6FB0-43DC-B05B-9395AB2F81A5}.Release|x86.ActiveCfg = Release|Win32
		{A63501A6-6FB0-43DC-B05B-9395AB2F81A5}.Release|x86.Build.0 = Release|Win32
	EndGlobalSection
	GlobalSection(SolutionProperties) = preSolution
		HideSolutionNode = FALSE
	EndGlobalSection
	GlobalSection(ExtensibilityGlobals) = postSolution
		SolutionGuid = {9E0EB0DD-B287-4F0A-A08E-2FD11C50C851}
	EndGlobalSection
EndGlobal
